
Microsoft Visual Studio Solution File, Format Version 12.00
# Visual Studio Version 17
VisualStudioVersion = 17.1.32210.238
MinimumVisualStudioVersion = 10.0.40219.1
Project("{9A19103F-16F7-4668-BE54-9A1E7A4F7556}") = "ASPMVC", "ASPInl_1\ASPMVC.csproj", "{F96FEBA9-E366-456D-BCA0-AF40F5F3D073}"
EndProject
Project("{9A19103F-16F7-4668-BE54-9A1E7A4F7556}") = "API", "ASPInl_1_API\Inl1_WebApi\API.csproj", "{9E1586C5-7E9D-4DE2-B2B2-333098DC9F4C}"
EndProject
Global
	GlobalSection(SolutionConfigurationPlatforms) = preSolution
		Debug|Any CPU = Debug|Any CPU
		Release|Any CPU = Release|Any CPU
	EndGlobalSection
	GlobalSection(ProjectConfigurationPlatforms) = postSolution
		{F96FEBA9-E366-456D-BCA0-AF40F5F3D073}.Debug|Any CPU.ActiveCfg = Debug|Any CPU
		{F96FEBA9-E366-456D-BCA0-AF40F5F3D073}.Debug|Any CPU.Build.0 = Debug|Any CPU
		{F96FEBA9-E366-456D-BCA0-AF40F5F3D073}.Release|Any CPU.ActiveCfg = Release|Any CPU
		{F96FEBA9-E366-456D-BCA0-AF40F5F3D073}.Release|Any CPU.Build.0 = Release|Any CPU
		{9E1586C5-7E9D-4DE2-B2B2-333098DC9F4C}.Debug|Any CPU.ActiveCfg = Debug|Any CPU
		{9E1586C5-7E9D-4DE2-B2B2-333098DC9F4C}.Debug|Any CPU.Build.0 = Debug|Any CPU
		{9E1586C5-7E9D-4DE2-B2B2-333098DC9F4C}.Release|Any CPU.ActiveCfg = Release|Any CPU
		{9E1586C5-7E9D-4DE2-B2B2-333098DC9F4C}.Release|Any CPU.Build.0 = Release|Any CPU
	EndGlobalSection
	GlobalSection(SolutionProperties) = preSolution
		HideSolutionNode = FALSE
	EndGlobalSection
	GlobalSection(ExtensibilityGlobals) = postSolution
		SolutionGuid = {90A33A10-9B28-49C1-ACB6-1A2E0789D994}
	EndGlobalSection
EndGlobal
